{
  "name": "cross-fetch-with-token",
  "version": "1.2.5",
  "lockfileVersion": 1,
  "requires": true,
  "dependencies": {
    "@types/node": {
      "version": "12.7.12",
      "resolved": "https://registry.npmjs.org/@types/node/-/node-12.7.12.tgz",
      "integrity": "sha512-KPYGmfD0/b1eXurQ59fXD1GBzhSQfz6/lKBxkaHX9dKTzjXbK68Zt7yGUxUsCS1jeTy/8aL+d9JEr+S54mpkWQ==",
      "dev": true
    },
    "cross-fetch": {
      "version": "3.1.5",
      "resolved": "https://registry.npmjs.org/cross-fetch/-/cross-fetch-3.1.5.tgz",
      "integrity": "sha512-lvb1SBsI0Z7GDwmuid+mU3kWVBwTVUbe7S0H52yaaAdQOXq2YktTCZdlAcNKFzE6QtRz0snpw9bNiPeOIkkQvw==",
      "requires": {
        "node-fetch": "2.6.7"
      }
    },
    "jwt-decode": {
      "version": "2.2.0",
      "resolved": "https://registry.npmjs.org/jwt-decode/-/jwt-decode-2.2.0.tgz",
      "integrity": "sha1-fYa9VmefWM5qhHBKZX3TkruoGnk="
    },
    "node-fetch": {
      "version": "2.6.7",
      "resolved": "https://registry.npmjs.org/node-fetch/-/node-fetch-2.6.7.tgz",
      "integrity": "sha512-ZjMPFEfVx5j+y2yF35Kzx5sF7kDzxuDj6ziH4FFbOp87zKDZNx8yExJIb05OGF4Nlt9IHFIMBkRl41VdvcNdbQ==",
      "requires": {
        "whatwg-url": "^5.0.0"
      }
    },
    "tr46": {
      "version": "0.0.3",
      "resolved": "https://registry.npmjs.org/tr46/-/tr46-0.0.3.tgz",
      "integrity": "sha1-gYT9NH2snNwYWZLzpmIuFLnZq2o="
    },
    "webidl-conversions": {
      "version": "3.0.1",
      "resolved": "https://registry.npmjs.org/webidl-conversions/-/webidl-conversions-3.0.1.tgz",
      "integrity": "sha1-JFNCdeKnvGvnvIZhHMFq4KVlSHE="
    },
    "whatwg-url": {
      "version": "5.0.0",
      "resolved": "https://registry.npmjs.org/whatwg-url/-/whatwg-url-5.0.0.tgz",
      "integrity": "sha1-lmRU6HZUYuN2RNNib2dCzotwll0=",
      "requires": {
        "tr46": "~0.0.3",
        "webidl-conversions": "^3.0.0"
      }
    }
  }
}
